
Microsoft Visual Studio Solution File, Format Version 12.00
# Visual Studio Version 17
VisualStudioVersion = 17.0.31903.59
MinimumVisualStudioVersion = 10.0.40219.1
Project("{FAE04EC0-301F-11D3-BF4B-00C04F79EFBC}") = "LezzetAtlasi.API", "LezzetAtlasi.API\LezzetAtlasi.API.csproj", "{B9CDA915-BBCB-48C8-85DA-A9A9BEFB507E}"
EndProject
Project("{FAE04EC0-301F-11D3-BF4B-00C04F79EFBC}") = "LezzetAtlasi.Core", "LezzetAtlasi.Core\LezzetAtlasi.Core.csproj", "{C6DA3E46-B7EC-4969-A53A-051F9BBB06C5}"
EndProject
Project("{FAE04EC0-301F-11D3-BF4B-00C04F79EFBC}") = "LezzetAtlasi.Infrastructure", "LezzetAtlasi.Infrastructure\LezzetAtlasi.Infrastructure.csproj", "{EBED4867-AA1C-4F70-B288-AB2972462B67}"
EndProject
Project("{FAE04EC0-301F-11D3-BF4B-00C04F79EFBC}") = "LezzetAtlasi.Tests", "LezzetAtlasi.Tests\LezzetAtlasi.Tests.csproj", "{304AF388-A6E7-4924-9FCA-5033DEE31C63}"
EndProject
Global
	GlobalSection(SolutionConfigurationPlatforms) = preSolution
		Debug|Any CPU = Debug|Any CPU
		Debug|x64 = Debug|x64
		Debug|x86 = Debug|x86
		Release|Any CPU = Release|Any CPU
		Release|x64 = Release|x64
		Release|x86 = Release|x86
	EndGlobalSection
	GlobalSection(ProjectConfigurationPlatforms) = postSolution
		{B9CDA915-BBCB-48C8-85DA-A9A9BEFB507E}.Debug|Any CPU.ActiveCfg = Debug|Any CPU
		{B9CDA915-BBCB-48C8-85DA-A9A9BEFB507E}.Debug|Any CPU.Build.0 = Debug|Any CPU
		{B9CDA915-BBCB-48C8-85DA-A9A9BEFB507E}.Debug|x64.ActiveCfg = Debug|Any CPU
		{B9CDA915-BBCB-48C8-85DA-A9A9BEFB507E}.Debug|x64.Build.0 = Debug|Any CPU
		{B9CDA915-BBCB-48C8-85DA-A9A9BEFB507E}.Debug|x86.ActiveCfg = Debug|Any CPU
		{B9CDA915-BBCB-48C8-85DA-A9A9BEFB507E}.Debug|x86.Build.0 = Debug|Any CPU
		{B9CDA915-BBCB-48C8-85DA-A9A9BEFB507E}.Release|Any CPU.ActiveCfg = Release|Any CPU
		{B9CDA915-BBCB-48C8-85DA-A9A9BEFB507E}.Release|Any CPU.Build.0 = Release|Any CPU
		{B9CDA915-BBCB-48C8-85DA-A9A9BEFB507E}.Release|x64.ActiveCfg = Release|Any CPU
		{B9CDA915-BBCB-48C8-85DA-A9A9BEFB507E}.Release|x64.Build.0 = Release|Any CPU
		{B9CDA915-BBCB-48C8-85DA-A9A9BEFB507E}.Release|x86.ActiveCfg = Release|Any CPU
		{B9CDA915-BBCB-48C8-85DA-A9A9BEFB507E}.Release|x86.Build.0 = Release|Any CPU
		{C6DA3E46-B7EC-4969-A53A-051F9BBB06C5}.Debug|Any CPU.ActiveCfg = Debug|Any CPU
		{C6DA3E46-B7EC-4969-A53A-051F9BBB06C5}.Debug|Any CPU.Build.0 = Debug|Any CPU
		{C6DA3E46-B7EC-4969-A53A-051F9BBB06C5}.Debug|x64.ActiveCfg = Debug|Any CPU
		{C6DA3E46-B7EC-4969-A53A-051F9BBB06C5}.Debug|x64.Build.0 = Debug|Any CPU
		{C6DA3E46-B7EC-4969-A53A-051F9BBB06C5}.Debug|x86.ActiveCfg = Debug|Any CPU
		{C6DA3E46-B7EC-4969-A53A-051F9BBB06C5}.Debug|x86.Build.0 = Debug|Any CPU
		{C6DA3E46-B7EC-4969-A53A-051F9BBB06C5}.Release|Any CPU.ActiveCfg = Release|Any CPU
		{C6DA3E46-B7EC-4969-A53A-051F9BBB06C5}.Release|Any CPU.Build.0 = Release|Any CPU
		{C6DA3E46-B7EC-4969-A53A-051F9BBB06C5}.Release|x64.ActiveCfg = Release|Any CPU
		{C6DA3E46-B7EC-4969-A53A-051F9BBB06C5}.Release|x64.Build.0 = Release|Any CPU
		{C6DA3E46-B7EC-4969-A53A-051F9BBB06C5}.Release|x86.ActiveCfg = Release|Any CPU
		{C6DA3E46-B7EC-4969-A53A-051F9BBB06C5}.Release|x86.Build.0 = Release|Any CPU
		{EBED4867-AA1C-4F70-B288-AB2972462B67}.Debug|Any CPU.ActiveCfg = Debug|Any CPU
		{EBED4867-AA1C-4F70-B288-AB2972462B67}.Debug|Any CPU.Build.0 = Debug|Any CPU
		{EBED4867-AA1C-4F70-B288-AB2972462B67}.Debug|x64.ActiveCfg = Debug|Any CPU
		{EBED4867-AA1C-4F70-B288-AB2972462B67}.Debug|x64.Build.0 = Debug|Any CPU
		{EBED4867-AA1C-4F70-B288-AB2972462B67}.Debug|x86.ActiveCfg = Debug|Any CPU
		{EBED4867-AA1C-4F70-B288-AB2972462B67}.Debug|x86.Build.0 = Debug|Any CPU
		{EBED4867-AA1C-4F70-B288-AB2972462B67}.Release|Any CPU.ActiveCfg = Release|Any CPU
		{EBED4867-AA1C-4F70-B288-AB2972462B67}.Release|Any CPU.Build.0 = Release|Any CPU
		{EBED4867-AA1C-4F70-B288-AB2972462B67}.Release|x64.ActiveCfg = Release|Any CPU
		{EBED4867-AA1C-4F70-B288-AB2972462B67}.Release|x64.Build.0 = Release|Any CPU
		{EBED4867-AA1C-4F70-B288-AB2972462B67}.Release|x86.ActiveCfg = Release|Any CPU
		{EBED4867-AA1C-4F70-B288-AB2972462B67}.Release|x86.Build.0 = Release|Any CPU
		{304AF388-A6E7-4924-9FCA-5033DEE31C63}.Debug|Any CPU.ActiveCfg = Debug|Any CPU
		{304AF388-A6E7-4924-9FCA-5033DEE31C63}.Debug|Any CPU.Build.0 = Debug|Any CPU
		{304AF388-A6E7-4924-9FCA-5033DEE31C63}.Debug|x64.ActiveCfg = Debug|Any CPU
		{304AF388-A6E7-4924-9FCA-5033DEE31C63}.Debug|x64.Build.0 = Debug|Any CPU
		{304AF388-A6E7-4924-9FCA-5033DEE31C63}.Debug|x86.ActiveCfg = Debug|Any CPU
		{304AF388-A6E7-4924-9FCA-5033DEE31C63}.Debug|x86.Build.0 = Debug|Any CPU
		{304AF388-A6E7-4924-9FCA-5033DEE31C63}.Release|Any CPU.ActiveCfg = Release|Any CPU
		{304AF388-A6E7-4924-9FCA-5033DEE31C63}.Release|Any CPU.Build.0 = Release|Any CPU
		{304AF388-A6E7-4924-9FCA-5033DEE31C63}.Release|x64.ActiveCfg = Release|Any CPU
		{304AF388-A6E7-4924-9FCA-5033DEE31C63}.Release|x64.Build.0 = Release|Any CPU
		{304AF388-A6E7-4924-9FCA-5033DEE31C63}.Release|x86.ActiveCfg = Release|Any CPU
		{304AF388-A6E7-4924-9FCA-5033DEE31C63}.Release|x86.Build.0 = Release|Any CPU
	EndGlobalSection
	GlobalSection(SolutionProperties) = preSolution
		HideSolutionNode = FALSE
	EndGlobalSection
EndGlobal
